version = 1
requires-python = ">=3.13"

[[package]]
name = "asgiref"
version = "3.8.1"
source = { registry = "https://pypi.org/simple" }
sdist = { url = "https://files.pythonhosted.org/packages/29/38/b3395cc9ad1b56d2ddac9970bc8f4141312dbaec28bc7c218b0dfafd0f42/asgiref-3.8.1.tar.gz", hash = "sha256:c343bd80a0bec947a9860adb4c432ffa7db769836c64238fc34bdc3fec84d590", size = 35186 }
wheels = [
    { url = "https://files.pythonhosted.org/packages/39/e3/893e8757be2612e6c266d9bb58ad2e3651524b5b40cf56761e985a28b13e/asgiref-3.8.1-py3-none-any.whl", hash = "sha256:3e1e3ecc849832fe52ccf2cb6686b7a55f82bb1d6aee72a58826471390335e47", size = 23828 },
]

[[package]]
name = "certifi"
version = "2024.12.14"
source = { registry = "https://pypi.org/simple" }
sdist = { url = "https://files.pythonhosted.org/packages/0f/bd/1d41ee578ce09523c81a15426705dd20969f5abf006d1afe8aeff0dd776a/certifi-2024.12.14.tar.gz", hash = "sha256:b650d30f370c2b724812bee08008be0c4163b163ddaec3f2546c1caf65f191db", size = 166010 }
wheels = [
    { url = "https://files.pythonhosted.org/packages/a5/32/8f6669fc4798494966bf446c8c4a162e0b5d893dff088afddf76414f70e1/certifi-2024.12.14-py3-none-any.whl", hash = "sha256:1275f7a45be9464efc1173084eaa30f866fe2e47d389406136d332ed4967ec56", size = 164927 },
]

[[package]]
name = "charset-normalizer"
version = "3.4.0"
source = { registry = "https://pypi.org/simple" }
sdist = { url = "https://files.pythonhosted.org/packages/f2/4f/e1808dc01273379acc506d18f1504eb2d299bd4131743b9fc54d7be4df1e/charset_normalizer-3.4.0.tar.gz", hash = "sha256:223217c3d4f82c3ac5e29032b3f1c2eb0fb591b72161f86d93f5719079dae93e", size = 106620 }
wheels = [
    { url = "https://files.pythonhosted.org/packages/f3/89/68a4c86f1a0002810a27f12e9a7b22feb198c59b2f05231349fbce5c06f4/charset_normalizer-3.4.0-cp313-cp313-macosx_10_13_universal2.whl", hash = "sha256:dd4eda173a9fcccb5f2e2bd2a9f423d180194b1bf17cf59e3269899235b2a114", size = 194617 },
    { url = "https://files.pythonhosted.org/packages/4f/cd/8947fe425e2ab0aa57aceb7807af13a0e4162cd21eee42ef5b053447edf5/charset_normalizer-3.4.0-cp313-cp313-macosx_10_13_x86_64.whl", hash = "sha256:e9e3c4c9e1ed40ea53acf11e2a386383c3304212c965773704e4603d589343ed", size = 125310 },
    { url = "https://files.pythonhosted.org/packages/5b/f0/b5263e8668a4ee9becc2b451ed909e9c27058337fda5b8c49588183c267a/charset_normalizer-3.4.0-cp313-cp313-macosx_11_0_arm64.whl", hash = "sha256:92a7e36b000bf022ef3dbb9c46bfe2d52c047d5e3f3343f43204263c5addc250", size = 119126 },
    { url = "https://files.pythonhosted.org/packages/ff/6e/e445afe4f7fda27a533f3234b627b3e515a1b9429bc981c9a5e2aa5d97b6/charset_normalizer-3.4.0-cp313-cp313-manylinux_2_17_aarch64.manylinux2014_aarch64.whl", hash = "sha256:54b6a92d009cbe2fb11054ba694bc9e284dad30a26757b1e372a1fdddaf21920", size = 139342 },
    { url = "https://files.pythonhosted.org/packages/a1/b2/4af9993b532d93270538ad4926c8e37dc29f2111c36f9c629840c57cd9b3/charset_normalizer-3.4.0-cp313-cp313-manylinux_2_17_ppc64le.manylinux2014_ppc64le.whl", hash = "sha256:1ffd9493de4c922f2a38c2bf62b831dcec90ac673ed1ca182fe11b4d8e9f2a64", size = 149383 },
    { url = "https://files.pythonhosted.org/packages/fb/6f/4e78c3b97686b871db9be6f31d64e9264e889f8c9d7ab33c771f847f79b7/charset_normalizer-3.4.0-cp313-cp313-manylinux_2_17_s390x.manylinux2014_s390x.whl", hash = "sha256:35c404d74c2926d0287fbd63ed5d27eb911eb9e4a3bb2c6d294f3cfd4a9e0c23", size = 142214 },
    { url = "https://files.pythonhosted.org/packages/2b/c9/1c8fe3ce05d30c87eff498592c89015b19fade13df42850aafae09e94f35/charset_normalizer-3.4.0-cp313-cp313-manylinux_2_17_x86_64.manylinux2014_x86_64.whl", hash = "sha256:4796efc4faf6b53a18e3d46343535caed491776a22af773f366534056c4e1fbc", size = 144104 },
    { url = "https://files.pythonhosted.org/packages/ee/68/efad5dcb306bf37db7db338338e7bb8ebd8cf38ee5bbd5ceaaaa46f257e6/charset_normalizer-3.4.0-cp313-cp313-manylinux_2_5_i686.manylinux1_i686.manylinux_2_17_i686.manylinux2014_i686.whl", hash = "sha256:e7fdd52961feb4c96507aa649550ec2a0d527c086d284749b2f582f2d40a2e0d", size = 146255 },
    { url = "https://files.pythonhosted.org/packages/0c/75/1ed813c3ffd200b1f3e71121c95da3f79e6d2a96120163443b3ad1057505/charset_normalizer-3.4.0-cp313-cp313-musllinux_1_2_aarch64.whl", hash = "sha256:92db3c28b5b2a273346bebb24857fda45601aef6ae1c011c0a997106581e8a88", size = 140251 },
    { url = "https://files.pythonhosted.org/packages/7d/0d/6f32255c1979653b448d3c709583557a4d24ff97ac4f3a5be156b2e6a210/charset_normalizer-3.4.0-cp313-cp313-musllinux_1_2_i686.whl", hash = "sha256:ab973df98fc99ab39080bfb0eb3a925181454d7c3ac8a1e695fddfae696d9e90", size = 148474 },
    { url = "https://files.pythonhosted.org/packages/ac/a0/c1b5298de4670d997101fef95b97ac440e8c8d8b4efa5a4d1ef44af82f0d/charset_normalizer-3.4.0-cp313-cp313-musllinux_1_2_ppc64le.whl", hash = "sha256:4b67fdab07fdd3c10bb21edab3cbfe8cf5696f453afce75d815d9d7223fbe88b", size = 151849 },
    { url = "https://files.pythonhosted.org/packages/04/4f/b3961ba0c664989ba63e30595a3ed0875d6790ff26671e2aae2fdc28a399/charset_normalizer-3.4.0-cp313-cp313-musllinux_1_2_s390x.whl", hash = "sha256:aa41e526a5d4a9dfcfbab0716c7e8a1b215abd3f3df5a45cf18a12721d31cb5d", size = 149781 },
    { url = "https://files.pythonhosted.org/packages/d8/90/6af4cd042066a4adad58ae25648a12c09c879efa4849c705719ba1b23d8c/charset_normalizer-3.4.0-cp313-cp313-musllinux_1_2_x86_64.whl", hash = "sha256:ffc519621dce0c767e96b9c53f09c5d215578e10b02c285809f76509a3931482", size = 144970 },
    { url = "https://files.pythonhosted.org/packages/cc/67/e5e7e0cbfefc4ca79025238b43cdf8a2037854195b37d6417f3d0895c4c2/charset_normalizer-3.4.0-cp313-cp313-win32.whl", hash = "sha256:f19c1585933c82098c2a520f8ec1227f20e339e33aca8fa6f956f6691b784e67", size = 94973 },
    { url = "https://files.pythonhosted.org/packages/65/97/fc9bbc54ee13d33dc54a7fcf17b26368b18505500fc01e228c27b5222d80/charset_normalizer-3.4.0-cp313-cp313-win_amd64.whl", hash = "sha256:707b82d19e65c9bd28b81dde95249b07bf9f5b90ebe1ef17d9b57473f8a64b7b", size = 102308 },
    { url = "https://files.pythonhosted.org/packages/bf/9b/08c0432272d77b04803958a4598a51e2a4b51c06640af8b8f0f908c18bf2/charset_normalizer-3.4.0-py3-none-any.whl", hash = "sha256:fe9f97feb71aa9896b81973a7bbada8c49501dc73e58a10fcef6663af95e5079", size = 49446 },
]

[[package]]
name = "django"
version = "5.1.4"
source = { registry = "https://pypi.org/simple" }
dependencies = [
    { name = "asgiref" },
    { name = "sqlparse" },
    { name = "tzdata", marker = "sys_platform == 'win32'" },
]
sdist = { url = "https://files.pythonhosted.org/packages/d3/e8/536555596dbb79f6e77418aeb40bdc1758c26725aba31919ba449e6d5e6a/Django-5.1.4.tar.gz", hash = "sha256:de450c09e91879fa5a307f696e57c851955c910a438a35e6b4c895e86bedc82a", size = 10716397 }
wheels = [
    { url = "https://files.pythonhosted.org/packages/58/0b/8a4ab2c02982df4ed41e29f28f189459a7eba37899438e6bea7f39db793b/Django-5.1.4-py3-none-any.whl", hash = "sha256:236e023f021f5ce7dee5779de7b286565fdea5f4ab86bae5338e3f7b69896cf0", size = 8276471 },
]

[[package]]
name = "django-stubs"
version = "5.1.1"
source = { registry = "https://pypi.org/simple" }
dependencies = [
    { name = "asgiref" },
    { name = "django" },
    { name = "django-stubs-ext" },
    { name = "types-pyyaml" },
    { name = "typing-extensions" },
]
sdist = { url = "https://files.pythonhosted.org/packages/bf/60/1ae90eb6e2e107bc64a3de9de78a5add7f3b85e491113504eed38d6d2c63/django_stubs-5.1.1.tar.gz", hash = "sha256:126d354bbdff4906c4e93e6361197f6fbfb6231c3df6def85a291dae6f9f577b", size = 265624 }
wheels = [
    { url = "https://files.pythonhosted.org/packages/98/c8/3081d5f994351248fcd60f9aab10cb2020bdd7df0f14e80854373e15d7d4/django_stubs-5.1.1-py3-none-any.whl", hash = "sha256:c4dc64260bd72e6d32b9e536e8dd0d9247922f0271f82d1d5132a18f24b388ac", size = 470790 },
]

[package.optional-dependencies]
compatible-mypy = [
    { name = "mypy" },
]

[[package]]
name = "django-stubs-ext"
version = "5.1.1"
source = { registry = "https://pypi.org/simple" }
dependencies = [
    { name = "django" },
    { name = "typing-extensions" },
]
sdist = { url = "https://files.pythonhosted.org/packages/ca/62/a7129909d3c94eac957c02eeb05ac57cbca81db4f3f6270a8503697f376a/django_stubs_ext-5.1.1.tar.gz", hash = "sha256:db7364e4f50ae7e5360993dbd58a3a57ea4b2e7e5bab0fbd525ccdb3e7975d1c", size = 9455 }
wheels = [
    { url = "https://files.pythonhosted.org/packages/6a/ed/f79ae5ad993bdf900d61892d2a9fc0145441a507a7579890fb8e21e4a7bc/django_stubs_ext-5.1.1-py3-none-any.whl", hash = "sha256:3907f99e178c93323e2ce908aef8352adb8c047605161f8d9e5e7b4efb5a6a9c", size = 8965 },
]

[[package]]
name = "djangorestframework"
version = "3.15.2"
source = { registry = "https://pypi.org/simple" }
dependencies = [
    { name = "django" },
]
sdist = { url = "https://files.pythonhosted.org/packages/2c/ce/31482eb688bdb4e271027076199e1aa8d02507e530b6d272ab8b4481557c/djangorestframework-3.15.2.tar.gz", hash = "sha256:36fe88cd2d6c6bec23dca9804bab2ba5517a8bb9d8f47ebc68981b56840107ad", size = 1067420 }
wheels = [
    { url = "https://files.pythonhosted.org/packages/7c/b6/fa99d8f05eff3a9310286ae84c4059b08c301ae4ab33ae32e46e8ef76491/djangorestframework-3.15.2-py3-none-any.whl", hash = "sha256:2b8871b062ba1aefc2de01f773875441a961fefbf79f5eed1e32b2f096944b20", size = 1071235 },
]

[[package]]
name = "djangorestframework-stubs"
version = "3.15.2"
source = { registry = "https://pypi.org/simple" }
dependencies = [
    { name = "django-stubs" },
    { name = "requests" },
    { name = "types-pyyaml" },
    { name = "types-requests" },
    { name = "typing-extensions" },
]
sdist = { url = "https://files.pythonhosted.org/packages/7e/ba/190ac57f349b622ef794a7d9445318b79b746e5bbb93a29517bfc038cf70/djangorestframework_stubs-3.15.2.tar.gz", hash = "sha256:3df129845acac6c1b097bc7e5b360d53e32a02029d60b4f972dfbd3e2508f236", size = 34708 }
wheels = [
    { url = "https://files.pythonhosted.org/packages/52/cf/712000ded7661b943fad809c43b6cb456b8f3f50bdf93619ab0245366746/djangorestframework_stubs-3.15.2-py3-none-any.whl", hash = "sha256:0e72f1e8507bdb2acd99b304520494ea5d45bccba51a4877140cb65fd461adf0", size = 54522 },
]

[package.optional-dependencies]
compatible-mypy = [
    { name = "django-stubs", extra = ["compatible-mypy"] },
    { name = "mypy" },
]

[[package]]
name = "idna"
version = "3.10"
source = { registry = "https://pypi.org/simple" }
sdist = { url = "https://files.pythonhosted.org/packages/f1/70/7703c29685631f5a7590aa73f1f1d3fa9a380e654b86af429e0934a32f7d/idna-3.10.tar.gz", hash = "sha256:12f65c9b470abda6dc35cf8e63cc574b1c52b11df2c86030af0ac09b01b13ea9", size = 190490 }
wheels = [
    { url = "https://files.pythonhosted.org/packages/76/c6/c88e154df9c4e1a2a66ccf0005a88dfb2650c1dffb6f5ce603dfbd452ce3/idna-3.10-py3-none-any.whl", hash = "sha256:946d195a0d259cbba61165e88e65941f16e9b36ea6ddb97f00452bae8b1287d3", size = 70442 },
]

[[package]]
name = "mypy"
version = "1.13.0"
source = { registry = "https://pypi.org/simple" }
dependencies = [
    { name = "mypy-extensions" },
    { name = "typing-extensions" },
]
sdist = { url = "https://files.pythonhosted.org/packages/e8/21/7e9e523537991d145ab8a0a2fd98548d67646dc2aaaf6091c31ad883e7c1/mypy-1.13.0.tar.gz", hash = "sha256:0291a61b6fbf3e6673e3405cfcc0e7650bebc7939659fdca2702958038bd835e", size = 3152532 }
wheels = [
    { url = "https://files.pythonhosted.org/packages/11/bb/ab4cfdc562cad80418f077d8be9b4491ee4fb257440da951b85cbb0a639e/mypy-1.13.0-cp313-cp313-macosx_10_13_x86_64.whl", hash = "sha256:a7b44178c9760ce1a43f544e595d35ed61ac2c3de306599fa59b38a6048e1aa7", size = 11069721 },
    { url = "https://files.pythonhosted.org/packages/59/3b/a393b1607cb749ea2c621def5ba8c58308ff05e30d9dbdc7c15028bca111/mypy-1.13.0-cp313-cp313-macosx_11_0_arm64.whl", hash = "sha256:5d5092efb8516d08440e36626f0153b5006d4088c1d663d88bf79625af3d1d62", size = 10063996 },
    { url = "https://files.pythonhosted.org/packages/d1/1f/6b76be289a5a521bb1caedc1f08e76ff17ab59061007f201a8a18cc514d1/mypy-1.13.0-cp313-cp313-manylinux_2_17_x86_64.manylinux2014_x86_64.manylinux_2_28_x86_64.whl", hash = "sha256:de2904956dac40ced10931ac967ae63c5089bd498542194b436eb097a9f77bc8", size = 12584043 },
    { url = "https://files.pythonhosted.org/packages/a6/83/5a85c9a5976c6f96e3a5a7591aa28b4a6ca3a07e9e5ba0cec090c8b596d6/mypy-1.13.0-cp313-cp313-musllinux_1_1_x86_64.whl", hash = "sha256:7bfd8836970d33c2105562650656b6846149374dc8ed77d98424b40b09340ba7", size = 13036996 },
    { url = "https://files.pythonhosted.org/packages/b4/59/c39a6f752f1f893fccbcf1bdd2aca67c79c842402b5283563d006a67cf76/mypy-1.13.0-cp313-cp313-win_amd64.whl", hash = "sha256:9f73dba9ec77acb86457a8fc04b5239822df0c14a082564737833d2963677dbc", size = 9737709 },
    { url = "https://files.pythonhosted.org/packages/3b/86/72ce7f57431d87a7ff17d442f521146a6585019eb8f4f31b7c02801f78ad/mypy-1.13.0-py3-none-any.whl", hash = "sha256:9c250883f9fd81d212e0952c92dbfcc96fc237f4b7c92f56ac81fd48460b3e5a", size = 2647043 },
]

[[package]]
name = "mypy-extensions"
version = "1.0.0"
source = { registry = "https://pypi.org/simple" }
sdist = { url = "https://files.pythonhosted.org/packages/98/a4/1ab47638b92648243faf97a5aeb6ea83059cc3624972ab6b8d2316078d3f/mypy_extensions-1.0.0.tar.gz", hash = "sha256:75dbf8955dc00442a438fc4d0666508a9a97b6bd41aa2f0ffe9d2f2725af0782", size = 4433 }
wheels = [
    { url = "https://files.pythonhosted.org/packages/2a/e2/5d3f6ada4297caebe1a2add3b126fe800c96f56dbe5d1988a2cbe0b267aa/mypy_extensions-1.0.0-py3-none-any.whl", hash = "sha256:4392f6c0eb8a5668a69e23d168ffa70f0be9ccfd32b5cc2d26a34ae5b844552d", size = 4695 },
]

[[package]]
name = "pygments"
version = "2.18.0"
source = { registry = "https://pypi.org/simple" }
sdist = { url = "https://files.pythonhosted.org/packages/8e/62/8336eff65bcbc8e4cb5d05b55faf041285951b6e80f33e2bff2024788f31/pygments-2.18.0.tar.gz", hash = "sha256:786ff802f32e91311bff3889f6e9a86e81505fe99f2735bb6d60ae0c5004f199", size = 4891905 }
wheels = [
    { url = "https://files.pythonhosted.org/packages/f7/3f/01c8b82017c199075f8f788d0d906b9ffbbc5a47dc9918a945e13d5a2bda/pygments-2.18.0-py3-none-any.whl", hash = "sha256:b8e6aca0523f3ab76fee51799c488e38782ac06eafcf95e7ba832985c8e7b13a", size = 1205513 },
]

[[package]]
name = "requests"
version = "2.32.3"
source = { registry = "https://pypi.org/simple" }
dependencies = [
    { name = "certifi" },
    { name = "charset-normalizer" },
    { name = "idna" },
    { name = "urllib3" },
]
sdist = { url = "https://files.pythonhosted.org/packages/63/70/2bf7780ad2d390a8d301ad0b550f1581eadbd9a20f896afe06353c2a2913/requests-2.32.3.tar.gz", hash = "sha256:55365417734eb18255590a9ff9eb97e9e1da868d4ccd6402399eaf68af20a760", size = 131218 }
wheels = [
    { url = "https://files.pythonhosted.org/packages/f9/9b/335f9764261e915ed497fcdeb11df5dfd6f7bf257d4a6a2a686d80da4d54/requests-2.32.3-py3-none-any.whl", hash = "sha256:70761cfe03c773ceb22aa2f671b4757976145175cdfca038c02654d061d6dcc6", size = 64928 },
]

[[package]]
name = "sqlparse"
version = "0.5.3"
source = { registry = "https://pypi.org/simple" }
sdist = { url = "https://files.pythonhosted.org/packages/e5/40/edede8dd6977b0d3da179a342c198ed100dd2aba4be081861ee5911e4da4/sqlparse-0.5.3.tar.gz", hash = "sha256:09f67787f56a0b16ecdbde1bfc7f5d9c3371ca683cfeaa8e6ff60b4807ec9272", size = 84999 }
wheels = [
    { url = "https://files.pythonhosted.org/packages/a9/5c/bfd6bd0bf979426d405cc6e71eceb8701b148b16c21d2dc3c261efc61c7b/sqlparse-0.5.3-py3-none-any.whl", hash = "sha256:cf2196ed3418f3ba5de6af7e82c694a9fbdbfecccdfc72e281548517081f16ca", size = 44415 },
]

[[package]]
name = "types-docutils"
version = "0.21.0.20241128"
source = { registry = "https://pypi.org/simple" }
sdist = { url = "https://files.pythonhosted.org/packages/dd/df/64e7ab01a4fc5ce46895dc94e31cffc8b8087c8d91ee54c45ac2d8d82445/types_docutils-0.21.0.20241128.tar.gz", hash = "sha256:4dd059805b83ac6ec5a223699195c4e9eeb0446a4f7f2aeff1759a4a7cc17473", size = 26739 }
wheels = [
    { url = "https://files.pythonhosted.org/packages/59/b6/10ba95739f2cbb9c5bd2f6568148d62b468afe01a94c633e8892a2936d8a/types_docutils-0.21.0.20241128-py3-none-any.whl", hash = "sha256:e0409204009639e9b0bf4521eeabe58b5e574ce9c0db08421c2ac26c32be0039", size = 34677 },
]

[[package]]
name = "types-pygments"
version = "2.18.0.20240506"
source = { registry = "https://pypi.org/simple" }
dependencies = [
    { name = "types-docutils" },
    { name = "types-setuptools" },
]
sdist = { url = "https://files.pythonhosted.org/packages/f0/ed/0a70203637650ecaa74731faf441d128edb908ed6ca184013bfc498283ba/types-Pygments-2.18.0.20240506.tar.gz", hash = "sha256:4b4c37812c87bbde687dbf27adf5bac593745a321e57f678dbc311571ba2ac9d", size = 13516 }
wheels = [
    { url = "https://files.pythonhosted.org/packages/4a/52/1a740a823dcfbe7fe7c44c2ff83528df2c2b5b6e93c299e8db7bf4205c1b/types_Pygments-2.18.0.20240506-py3-none-any.whl", hash = "sha256:11c90bc1737c9af55e5569558b88df7c2233e12325cb516215f722271444e91d", size = 20775 },
]

[[package]]
name = "types-pyyaml"
version = "6.0.12.20241221"
source = { registry = "https://pypi.org/simple" }
sdist = { url = "https://files.pythonhosted.org/packages/f4/60/ba3f23024bdd406e65c359b9dbd9757f058986bd57d94f6639015f9a9fae/types_pyyaml-6.0.12.20241221.tar.gz", hash = "sha256:4f149aa893ff6a46889a30af4c794b23833014c469cc57cbc3ad77498a58996f", size = 17034 }
wheels = [
    { url = "https://files.pythonhosted.org/packages/4b/04/1cc4fffeb4ace85c205e84cd48eb12cb37ec6ffb68245b7eef8f2086d490/types_PyYAML-6.0.12.20241221-py3-none-any.whl", hash = "sha256:0657a4ff8411a030a2116a196e8e008ea679696b5b1a8e1a6aa8ebb737b34688", size = 20023 },
]

[[package]]
name = "types-requests"
version = "2.32.0.20241016"
source = { registry = "https://pypi.org/simple" }
dependencies = [
    { name = "urllib3" },
]
sdist = { url = "https://files.pythonhosted.org/packages/fa/3c/4f2a430c01a22abd49a583b6b944173e39e7d01b688190a5618bd59a2e22/types-requests-2.32.0.20241016.tar.gz", hash = "sha256:0d9cad2f27515d0e3e3da7134a1b6f28fb97129d86b867f24d9c726452634d95", size = 18065 }
wheels = [
    { url = "https://files.pythonhosted.org/packages/d7/01/485b3026ff90e5190b5e24f1711522e06c79f4a56c8f4b95848ac072e20f/types_requests-2.32.0.20241016-py3-none-any.whl", hash = "sha256:4195d62d6d3e043a4eaaf08ff8a62184584d2e8684e9d2aa178c7915a7da3747", size = 15836 },
]

[[package]]
name = "types-setuptools"
version = "75.6.0.20241223"
source = { registry = "https://pypi.org/simple" }
sdist = { url = "https://files.pythonhosted.org/packages/53/48/a89068ef20e3bbb559457faf0fd3c18df6df5df73b4b48ebf466974e1f54/types_setuptools-75.6.0.20241223.tar.gz", hash = "sha256:d9478a985057ed48a994c707f548e55aababa85fe1c9b212f43ab5a1fffd3211", size = 48063 }
wheels = [
    { url = "https://files.pythonhosted.org/packages/41/2f/051d5d23711209d4077d95c62fa8ef6119df7298635e3a929e50376219d1/types_setuptools-75.6.0.20241223-py3-none-any.whl", hash = "sha256:7cbfd3bf2944f88bbcdd321b86ddd878232a277be95d44c78a53585d78ebc2f6", size = 71377 },
]

[[package]]
name = "typing-extensions"
version = "4.12.2"
source = { registry = "https://pypi.org/simple" }
sdist = { url = "https://files.pythonhosted.org/packages/df/db/f35a00659bc03fec321ba8bce9420de607a1d37f8342eee1863174c69557/typing_extensions-4.12.2.tar.gz", hash = "sha256:1a7ead55c7e559dd4dee8856e3a88b41225abfe1ce8df57b7c13915fe121ffb8", size = 85321 }
wheels = [
    { url = "https://files.pythonhosted.org/packages/26/9f/ad63fc0248c5379346306f8668cda6e2e2e9c95e01216d2b8ffd9ff037d0/typing_extensions-4.12.2-py3-none-any.whl", hash = "sha256:04e5ca0351e0f3f85c6853954072df659d0d13fac324d0072316b67d7794700d", size = 37438 },
]

[[package]]
name = "tzdata"
version = "2024.2"
source = { registry = "https://pypi.org/simple" }
sdist = { url = "https://files.pythonhosted.org/packages/e1/34/943888654477a574a86a98e9896bae89c7aa15078ec29f490fef2f1e5384/tzdata-2024.2.tar.gz", hash = "sha256:7d85cc416e9382e69095b7bdf4afd9e3880418a2413feec7069d533d6b4e31cc", size = 193282 }
wheels = [
    { url = "https://files.pythonhosted.org/packages/a6/ab/7e5f53c3b9d14972843a647d8d7a853969a58aecc7559cb3267302c94774/tzdata-2024.2-py2.py3-none-any.whl", hash = "sha256:a48093786cdcde33cad18c2555e8532f34422074448fbc874186f0abd79565cd", size = 346586 },
]

[[package]]
name = "urllib3"
version = "2.3.0"
source = { registry = "https://pypi.org/simple" }
sdist = { url = "https://files.pythonhosted.org/packages/aa/63/e53da845320b757bf29ef6a9062f5c669fe997973f966045cb019c3f4b66/urllib3-2.3.0.tar.gz", hash = "sha256:f8c5449b3cf0861679ce7e0503c7b44b5ec981bec0d1d3795a07f1ba96f0204d", size = 307268 }
wheels = [
    { url = "https://files.pythonhosted.org/packages/c8/19/4ec628951a74043532ca2cf5d97b7b14863931476d117c471e8e2b1eb39f/urllib3-2.3.0-py3-none-any.whl", hash = "sha256:1cee9ad369867bfdbbb48b7dd50374c0967a0bb7710050facf0dd6911440e3df", size = 128369 },
]

[[package]]
name = "vscode-remote-try-django"
version = "0.1.0"
source = { virtual = "." }
dependencies = [
    { name = "django" },
    { name = "djangorestframework" },
    { name = "pygments" },
]

[package.dev-dependencies]
dev = [
    { name = "djangorestframework-stubs", extra = ["compatible-mypy"] },
    { name = "types-pygments" },
]

[package.metadata]
requires-dist = [
    { name = "django", specifier = ">=5.1.4" },
    { name = "djangorestframework", specifier = ">=3.15.2" },
    { name = "pygments", specifier = ">=2.18.0" },
]

[package.metadata.requires-dev]
dev = [
    { name = "djangorestframework-stubs", extras = ["compatible-mypy"], specifier = ">=3.15.2" },
    { name = "types-pygments", specifier = ">=2.18.0.20240506" },
]
